{
  "originHash" : "5f464e2e2b98c8cd7315f2a2f5c2ce3fa7d347a4fb4c1297dc956b9b2bc89d7e",
  "pins" : [
    {
      "identity" : "factory",
      "kind" : "remoteSourceControl",
      "location" : "https://github.com/hmlongco/Factory.git",
      "state" : {
        "revision" : "ccc898f21992ebc130bc04cc197460a5ae230bcf",
        "version" : "2.5.3"
      }
    }
  ],
  "version" : 3
}
